
Microsoft Visual Studio Solution File, Format Version 12.00
# Visual Studio Version 17
VisualStudioVersion = 17.7.34024.191
MinimumVisualStudioVersion = 10.0.40219.1
Project("{8BC9CEB8-8B4A-11D0-8D11-00A0C91BC942}") = "1", "1\1.vcxproj", "{EC4A4731-4A3B-4309-9D84-2936B4EADCEE}"
EndProject
Project("{8BC9CEB8-8B4A-11D0-8D11-00A0C91BC942}") = "3", "3\3.vcxproj", "{AB52DC1F-8F90-407A-892B-9CDCE6E1B691}"
EndProject
Project("{8BC9CEB8-8B4A-11D0-8D11-00A0C91BC942}") = "2", "..\2\2.vcxproj", "{C4C3942E-7DD0-480F-8059-ECB458D3A1AE}"
EndProject
Project("{8BC9CEB8-8B4A-11D0-8D11-00A0C91BC942}") = "4", "4\4.vcxproj", "{CACD4C71-0A4E-4256-8E95-89F69367F768}"
EndProject
Project("{8BC9CEB8-8B4A-11D0-8D11-00A0C91BC942}") = "5", "5\5.vcxproj", "{E392F591-7466-47B6-89CA-2BAB961674AD}"
EndProject
Project("{8BC9CEB8-8B4A-11D0-8D11-00A0C91BC942}") = "6", "6\6.vcxproj", "{D0FDAED7-865A-4B28-A708-D9A3F8410F21}"
EndProject
Project("{8BC9CEB8-8B4A-11D0-8D11-00A0C91BC942}") = "7", "7\7.vcxproj", "{29FEC589-FB3D-4E78-85F4-71D063273409}"
EndProject
Project("{8BC9CEB8-8B4A-11D0-8D11-00A0C91BC942}") = "8", "8\8.vcxproj", "{9AC6BDC7-EC9E-4721-9B70-5F179013DC9B}"
EndProject
Project("{8BC9CEB8-8B4A-11D0-8D11-00A0C91BC942}") = "9", "9\9.vcxproj", "{30FBB7E6-FD59-4CFB-8CD3-03ACBB87A7C7}"
EndProject
Global
	GlobalSection(SolutionConfigurationPlatforms) = preSolution
		Debug|x64 = Debug|x64
		Debug|x86 = Debug|x86
		Release|x64 = Release|x64
		Release|x86 = Release|x86
	EndGlobalSection
	GlobalSection(ProjectConfigurationPlatforms) = postSolution
		{EC4A4731-4A3B-4309-9D84-2936B4EADCEE}.Debug|x64.ActiveCfg = Debug|x64
		{EC4A4731-4A3B-4309-9D84-2936B4EADCEE}.Debug|x64.Build.0 = Debug|x64
		{EC4A4731-4A3B-4309-9D84-2936B4EADCEE}.Debug|x86.ActiveCfg = Debug|Win32
		{EC4A4731-4A3B-4309-9D84-2936B4EADCEE}.Debug|x86.Build.0 = Debug|Win32
		{EC4A4731-4A3B-4309-9D84-2936B4EADCEE}.Release|x64.ActiveCfg = Release|x64
		{EC4A4731-4A3B-4309-9D84-2936B4EADCEE}.Release|x64.Build.0 = Release|x64
		{EC4A4731-4A3B-4309-9D84-2936B4EADCEE}.Release|x86.ActiveCfg = Release|Win32
		{EC4A4731-4A3B-4309-9D84-2936B4EADCEE}.Release|x86.Build.0 = Release|Win32
		{AB52DC1F-8F90-407A-892B-9CDCE6E1B691}.Debug|x64.ActiveCfg = Debug|x64
		{AB52DC1F-8F90-407A-892B-9CDCE6E1B691}.Debug|x64.Build.0 = Debug|x64
		{AB52DC1F-8F90-407A-892B-9CDCE6E1B691}.Debug|x86.ActiveCfg = Debug|Win32
		{AB52DC1F-8F90-407A-892B-9CDCE6E1B691}.Debug|x86.Build.0 = Debug|Win32
		{AB52DC1F-8F90-407A-892B-9CDCE6E1B691}.Release|x64.ActiveCfg = Release|x64
		{AB52DC1F-8F90-407A-892B-9CDCE6E1B691}.Release|x64.Build.0 = Release|x64
		{AB52DC1F-8F90-407A-892B-9CDCE6E1B691}.Release|x86.ActiveCfg = Release|Win32
		{AB52DC1F-8F90-407A-892B-9CDCE6E1B691}.Release|x86.Build.0 = Release|Win32
		{C4C3942E-7DD0-480F-8059-ECB458D3A1AE}.Debug|x64.ActiveCfg = Debug|x64
		{C4C3942E-7DD0-480F-8059-ECB458D3A1AE}.Debug|x64.Build.0 = Debug|x64
		{C4C3942E-7DD0-480F-8059-ECB458D3A1AE}.Debug|x86.ActiveCfg = Debug|Win32
		{C4C3942E-7DD0-480F-8059-ECB458D3A1AE}.Debug|x86.Build.0 = Debug|Win32
		{C4C3942E-7DD0-480F-8059-ECB458D3A1AE}.Release|x64.ActiveCfg = Release|x64
		{C4C3942E-7DD0-480F-8059-ECB458D3A1AE}.Release|x64.Build.0 = Release|x64
		{C4C3942E-7DD0-480F-8059-ECB458D3A1AE}.Release|x86.ActiveCfg = Release|Win32
		{C4C3942E-7DD0-480F-8059-ECB458D3A1AE}.Release|x86.Build.0 = Release|Win32
		{CACD4C71-0A4E-4256-8E95-89F69367F768}.Debug|x64.ActiveCfg = Debug|x64
		{CACD4C71-0A4E-4256-8E95-89F69367F768}.Debug|x64.Build.0 = Debug|x64
		{CACD4C71-0A4E-4256-8E95-89F69367F768}.Debug|x86.ActiveCfg = Debug|Win32
		{CACD4C71-0A4E-4256-8E95-89F69367F768}.Debug|x86.Build.0 = Debug|Win32
		{CACD4C71-0A4E-4256-8E95-89F69367F768}.Release|x64.ActiveCfg = Release|x64
		{CACD4C71-0A4E-4256-8E95-89F69367F768}.Release|x64.Build.0 = Release|x64
		{CACD4C71-0A4E-4256-8E95-89F69367F768}.Release|x86.ActiveCfg = Release|Win32
		{CACD4C71-0A4E-4256-8E95-89F69367F768}.Release|x86.Build.0 = Release|Win32
		{E392F591-7466-47B6-89CA-2BAB961674AD}.Debug|x64.ActiveCfg = Debug|x64
		{E392F591-7466-47B6-89CA-2BAB961674AD}.Debug|x64.Build.0 = Debug|x64
		{E392F591-7466-47B6-89CA-2BAB961674AD}.Debug|x86.ActiveCfg = Debug|Win32
		{E392F591-7466-47B6-89CA-2BAB961674AD}.Debug|x86.Build.0 = Debug|Win32
		{E392F591-7466-47B6-89CA-2BAB961674AD}.Release|x64.ActiveCfg = Release|x64
		{E392F591-7466-47B6-89CA-2BAB961674AD}.Release|x64.Build.0 = Release|x64
		{E392F591-7466-47B6-89CA-2BAB961674AD}.Release|x86.ActiveCfg = Release|Win32
		{E392F591-7466-47B6-89CA-2BAB961674AD}.Release|x86.Build.0 = Release|Win32
		{D0FDAED7-865A-4B28-A708-D9A3F8410F21}.Debug|x64.ActiveCfg = Debug|x64
		{D0FDAED7-865A-4B28-A708-D9A3F8410F21}.Debug|x64.Build.0 = Debug|x64
		{D0FDAED7-865A-4B28-A708-D9A3F8410F21}.Debug|x86.ActiveCfg = Debug|Win32
		{D0FDAED7-865A-4B28-A708-D9A3F8410F21}.Debug|x86.Build.0 = Debug|Win32
		{D0FDAED7-865A-4B28-A708-D9A3F8410F21}.Release|x64.ActiveCfg = Release|x64
		{D0FDAED7-865A-4B28-A708-D9A3F8410F21}.Release|x64.Build.0 = Release|x64
		{D0FDAED7-865A-4B28-A708-D9A3F8410F21}.Release|x86.ActiveCfg = Release|Win32
		{D0FDAED7-865A-4B28-A708-D9A3F8410F21}.Release|x86.Build.0 = Release|Win32
		{29FEC589-FB3D-4E78-85F4-71D063273409}.Debug|x64.ActiveCfg = Debug|x64
		{29FEC589-FB3D-4E78-85F4-71D063273409}.Debug|x64.Build.0 = Debug|x64
		{29FEC589-FB3D-4E78-85F4-71D063273409}.Debug|x86.ActiveCfg = Debug|Win32
		{29FEC589-FB3D-4E78-85F4-71D063273409}.Debug|x86.Build.0 = Debug|Win32
		{29FEC589-FB3D-4E78-85F4-71D063273409}.Release|x64.ActiveCfg = Release|x64
		{29FEC589-FB3D-4E78-85F4-71D063273409}.Release|x64.Build.0 = Release|x64
		{29FEC589-FB3D-4E78-85F4-71D063273409}.Release|x86.ActiveCfg = Release|Win32
		{29FEC589-FB3D-4E78-85F4-71D063273409}.Release|x86.Build.0 = Release|Win32
		{9AC6BDC7-EC9E-4721-9B70-5F179013DC9B}.Debug|x64.ActiveCfg = Debug|x64
		{9AC6BDC7-EC9E-4721-9B70-5F179013DC9B}.Debug|x64.Build.0 = Debug|x64
		{9AC6BDC7-EC9E-4721-9B70-5F179013DC9B}.Debug|x86.ActiveCfg = Debug|Win32
		{9AC6BDC7-EC9E-4721-9B70-5F179013DC9B}.Debug|x86.Build.0 = Debug|Win32
		{9AC6BDC7-EC9E-4721-9B70-5F179013DC9B}.Release|x64.ActiveCfg = Release|x64
		{9AC6BDC7-EC9E-4721-9B70-5F179013DC9B}.Release|x64.Build.0 = Release|x64
		{9AC6BDC7-EC9E-4721-9B70-5F179013DC9B}.Release|x86.ActiveCfg = Release|Win32
		{9AC6BDC7-EC9E-4721-9B70-5F179013DC9B}.Release|x86.Build.0 = Release|Win32
		{30FBB7E6-FD59-4CFB-8CD3-03ACBB87A7C7}.Debug|x64.ActiveCfg = Debug|x64
		{30FBB7E6-FD59-4CFB-8CD3-03ACBB87A7C7}.Debug|x64.Build.0 = Debug|x64
		{30FBB7E6-FD59-4CFB-8CD3-03ACBB87A7C7}.Debug|x86.ActiveCfg = Debug|Win32
		{30FBB7E6-FD59-4CFB-8CD3-03ACBB87A7C7}.Debug|x86.Build.0 = Debug|Win32
		{30FBB7E6-FD59-4CFB-8CD3-03ACBB87A7C7}.Release|x64.ActiveCfg = Release|x64
		{30FBB7E6-FD59-4CFB-8CD3-03ACBB87A7C7}.Release|x64.Build.0 = Release|x64
		{30FBB7E6-FD59-4CFB-8CD3-03ACBB87A7C7}.Release|x86.ActiveCfg = Release|Win32
		{30FBB7E6-FD59-4CFB-8CD3-03ACBB87A7C7}.Release|x86.Build.0 = Release|Win32
	EndGlobalSection
	GlobalSection(SolutionProperties) = preSolution
		HideSolutionNode = FALSE
	EndGlobalSection
	GlobalSection(ExtensibilityGlobals) = postSolution
		SolutionGuid = {DF64D972-3EE3-4E09-9572-F7B463CD111E}
	EndGlobalSection
EndGlobal
