
Microsoft Visual Studio Solution File, Format Version 12.00
# Visual Studio Version 17
VisualStudioVersion = 17.7.34024.191
MinimumVisualStudioVersion = 10.0.40219.1
Project("{8BC9CEB8-8B4A-11D0-8D11-00A0C91BC942}") = "1", "1-10\1-10.vcxproj", "{C387FB85-F6F4-435A-9C62-8BBBD5ECF7BF}"
EndProject
Project("{8BC9CEB8-8B4A-11D0-8D11-00A0C91BC942}") = "2", "2\2.vcxproj", "{34492446-ED26-4CB5-935A-3320D8A8AF63}"
EndProject
Project("{8BC9CEB8-8B4A-11D0-8D11-00A0C91BC942}") = "3", "3\3.vcxproj", "{752398CA-BA77-456E-82B7-7753F3DC27EF}"
EndProject
Project("{8BC9CEB8-8B4A-11D0-8D11-00A0C91BC942}") = "4", "4\4.vcxproj", "{BBD6A340-3426-4F5F-B495-F310ED555F83}"
EndProject
Project("{8BC9CEB8-8B4A-11D0-8D11-00A0C91BC942}") = "6", "6\6.vcxproj", "{8B9F9D19-FB4E-4151-AACA-9823ADA7F7AC}"
EndProject
Project("{8BC9CEB8-8B4A-11D0-8D11-00A0C91BC942}") = "5", "5\5.vcxproj", "{8745869B-223A-4979-BB1D-4EA9E75300FF}"
EndProject
Project("{8BC9CEB8-8B4A-11D0-8D11-00A0C91BC942}") = "7", "7\7.vcxproj", "{2A028F17-942C-418B-8FCF-AF3168D162A5}"
EndProject
Project("{8BC9CEB8-8B4A-11D0-8D11-00A0C91BC942}") = "8", "8\8.vcxproj", "{035920D0-D7F8-4273-ACB6-11FA3CABFA5C}"
EndProject
Project("{8BC9CEB8-8B4A-11D0-8D11-00A0C91BC942}") = "9", "9\9.vcxproj", "{AF6BF4C3-1779-47E3-AEFB-D02CB9EC128C}"
EndProject
Project("{8BC9CEB8-8B4A-11D0-8D11-00A0C91BC942}") = "10", "10\10.vcxproj", "{628CD6EA-2B8C-4F88-ADD4-0ED228CEDF6C}"
EndProject
Global
	GlobalSection(SolutionConfigurationPlatforms) = preSolution
		Debug|Any CPU = Debug|Any CPU
		Debug|x64 = Debug|x64
		Debug|x86 = Debug|x86
		Release|Any CPU = Release|Any CPU
		Release|x64 = Release|x64
		Release|x86 = Release|x86
	EndGlobalSection
	GlobalSection(ProjectConfigurationPlatforms) = postSolution
		{C387FB85-F6F4-435A-9C62-8BBBD5ECF7BF}.Debug|Any CPU.ActiveCfg = Debug|x64
		{C387FB85-F6F4-435A-9C62-8BBBD5ECF7BF}.Debug|Any CPU.Build.0 = Debug|x64
		{C387FB85-F6F4-435A-9C62-8BBBD5ECF7BF}.Debug|x64.ActiveCfg = Debug|x64
		{C387FB85-F6F4-435A-9C62-8BBBD5ECF7BF}.Debug|x64.Build.0 = Debug|x64
		{C387FB85-F6F4-435A-9C62-8BBBD5ECF7BF}.Debug|x86.ActiveCfg = Debug|Win32
		{C387FB85-F6F4-435A-9C62-8BBBD5ECF7BF}.Debug|x86.Build.0 = Debug|Win32
		{C387FB85-F6F4-435A-9C62-8BBBD5ECF7BF}.Release|Any CPU.ActiveCfg = Release|x64
		{C387FB85-F6F4-435A-9C62-8BBBD5ECF7BF}.Release|Any CPU.Build.0 = Release|x64
		{C387FB85-F6F4-435A-9C62-8BBBD5ECF7BF}.Release|x64.ActiveCfg = Release|x64
		{C387FB85-F6F4-435A-9C62-8BBBD5ECF7BF}.Release|x64.Build.0 = Release|x64
		{C387FB85-F6F4-435A-9C62-8BBBD5ECF7BF}.Release|x86.ActiveCfg = Release|Win32
		{C387FB85-F6F4-435A-9C62-8BBBD5ECF7BF}.Release|x86.Build.0 = Release|Win32
		{34492446-ED26-4CB5-935A-3320D8A8AF63}.Debug|Any CPU.ActiveCfg = Debug|x64
		{34492446-ED26-4CB5-935A-3320D8A8AF63}.Debug|Any CPU.Build.0 = Debug|x64
		{34492446-ED26-4CB5-935A-3320D8A8AF63}.Debug|x64.ActiveCfg = Debug|x64
		{34492446-ED26-4CB5-935A-3320D8A8AF63}.Debug|x64.Build.0 = Debug|x64
		{34492446-ED26-4CB5-935A-3320D8A8AF63}.Debug|x86.ActiveCfg = Debug|Win32
		{34492446-ED26-4CB5-935A-3320D8A8AF63}.Debug|x86.Build.0 = Debug|Win32
		{34492446-ED26-4CB5-935A-3320D8A8AF63}.Release|Any CPU.ActiveCfg = Release|x64
		{34492446-ED26-4CB5-935A-3320D8A8AF63}.Release|Any CPU.Build.0 = Release|x64
		{34492446-ED26-4CB5-935A-3320D8A8AF63}.Release|x64.ActiveCfg = Release|x64
		{34492446-ED26-4CB5-935A-3320D8A8AF63}.Release|x64.Build.0 = Release|x64
		{34492446-ED26-4CB5-935A-3320D8A8AF63}.Release|x86.ActiveCfg = Release|Win32
		{34492446-ED26-4CB5-935A-3320D8A8AF63}.Release|x86.Build.0 = Release|Win32
		{752398CA-BA77-456E-82B7-7753F3DC27EF}.Debug|Any CPU.ActiveCfg = Debug|x64
		{752398CA-BA77-456E-82B7-7753F3DC27EF}.Debug|Any CPU.Build.0 = Debug|x64
		{752398CA-BA77-456E-82B7-7753F3DC27EF}.Debug|x64.ActiveCfg = Debug|x64
		{752398CA-BA77-456E-82B7-7753F3DC27EF}.Debug|x64.Build.0 = Debug|x64
		{752398CA-BA77-456E-82B7-7753F3DC27EF}.Debug|x86.ActiveCfg = Debug|Win32
		{752398CA-BA77-456E-82B7-7753F3DC27EF}.Debug|x86.Build.0 = Debug|Win32
		{752398CA-BA77-456E-82B7-7753F3DC27EF}.Release|Any CPU.ActiveCfg = Release|x64
		{752398CA-BA77-456E-82B7-7753F3DC27EF}.Release|Any CPU.Build.0 = Release|x64
		{752398CA-BA77-456E-82B7-7753F3DC27EF}.Release|x64.ActiveCfg = Release|x64
		{752398CA-BA77-456E-82B7-7753F3DC27EF}.Release|x64.Build.0 = Release|x64
		{752398CA-BA77-456E-82B7-7753F3DC27EF}.Release|x86.ActiveCfg = Release|Win32
		{752398CA-BA77-456E-82B7-7753F3DC27EF}.Release|x86.Build.0 = Release|Win32
		{BBD6A340-3426-4F5F-B495-F310ED555F83}.Debug|Any CPU.ActiveCfg = Debug|x64
		{BBD6A340-3426-4F5F-B495-F310ED555F83}.Debug|Any CPU.Build.0 = Debug|x64
		{BBD6A340-3426-4F5F-B495-F310ED555F83}.Debug|x64.ActiveCfg = Debug|x64
		{BBD6A340-3426-4F5F-B495-F310ED555F83}.Debug|x64.Build.0 = Debug|x64
		{BBD6A340-3426-4F5F-B495-F310ED555F83}.Debug|x86.ActiveCfg = Debug|Win32
		{BBD6A340-3426-4F5F-B495-F310ED555F83}.Debug|x86.Build.0 = Debug|Win32
		{BBD6A340-3426-4F5F-B495-F310ED555F83}.Release|Any CPU.ActiveCfg = Release|x64
		{BBD6A340-3426-4F5F-B495-F310ED555F83}.Release|Any CPU.Build.0 = Release|x64
		{BBD6A340-3426-4F5F-B495-F310ED555F83}.Release|x64.ActiveCfg = Release|x64
		{BBD6A340-3426-4F5F-B495-F310ED555F83}.Release|x64.Build.0 = Release|x64
		{BBD6A340-3426-4F5F-B495-F310ED555F83}.Release|x86.ActiveCfg = Release|Win32
		{BBD6A340-3426-4F5F-B495-F310ED555F83}.Release|x86.Build.0 = Release|Win32
		{8B9F9D19-FB4E-4151-AACA-9823ADA7F7AC}.Debug|Any CPU.ActiveCfg = Debug|x64
		{8B9F9D19-FB4E-4151-AACA-9823ADA7F7AC}.Debug|Any CPU.Build.0 = Debug|x64
		{8B9F9D19-FB4E-4151-AACA-9823ADA7F7AC}.Debug|x64.ActiveCfg = Debug|x64
		{8B9F9D19-FB4E-4151-AACA-9823ADA7F7AC}.Debug|x64.Build.0 = Debug|x64
		{8B9F9D19-FB4E-4151-AACA-9823ADA7F7AC}.Debug|x86.ActiveCfg = Debug|Win32
		{8B9F9D19-FB4E-4151-AACA-9823ADA7F7AC}.Debug|x86.Build.0 = Debug|Win32
		{8B9F9D19-FB4E-4151-AACA-9823ADA7F7AC}.Release|Any CPU.ActiveCfg = Release|x64
		{8B9F9D19-FB4E-4151-AACA-9823ADA7F7AC}.Release|Any CPU.Build.0 = Release|x64
		{8B9F9D19-FB4E-4151-AACA-9823ADA7F7AC}.Release|x64.ActiveCfg = Release|x64
		{8B9F9D19-FB4E-4151-AACA-9823ADA7F7AC}.Release|x64.Build.0 = Release|x64
		{8B9F9D19-FB4E-4151-AACA-9823ADA7F7AC}.Release|x86.ActiveCfg = Release|Win32
		{8B9F9D19-FB4E-4151-AACA-9823ADA7F7AC}.Release|x86.Build.0 = Release|Win32
		{8745869B-223A-4979-BB1D-4EA9E75300FF}.Debug|Any CPU.ActiveCfg = Debug|x64
		{8745869B-223A-4979-BB1D-4EA9E75300FF}.Debug|Any CPU.Build.0 = Debug|x64
		{8745869B-223A-4979-BB1D-4EA9E75300FF}.Debug|x64.ActiveCfg = Debug|x64
		{8745869B-223A-4979-BB1D-4EA9E75300FF}.Debug|x64.Build.0 = Debug|x64
		{8745869B-223A-4979-BB1D-4EA9E75300FF}.Debug|x86.ActiveCfg = Debug|Win32
		{8745869B-223A-4979-BB1D-4EA9E75300FF}.Debug|x86.Build.0 = Debug|Win32
		{8745869B-223A-4979-BB1D-4EA9E75300FF}.Release|Any CPU.ActiveCfg = Release|x64
		{8745869B-223A-4979-BB1D-4EA9E75300FF}.Release|Any CPU.Build.0 = Release|x64
		{8745869B-223A-4979-BB1D-4EA9E75300FF}.Release|x64.ActiveCfg = Release|x64
		{8745869B-223A-4979-BB1D-4EA9E75300FF}.Release|x64.Build.0 = Release|x64
		{8745869B-223A-4979-BB1D-4EA9E75300FF}.Release|x86.ActiveCfg = Release|Win32
		{8745869B-223A-4979-BB1D-4EA9E75300FF}.Release|x86.Build.0 = Release|Win32
		{2A028F17-942C-418B-8FCF-AF3168D162A5}.Debug|Any CPU.ActiveCfg = Debug|x64
		{2A028F17-942C-418B-8FCF-AF3168D162A5}.Debug|Any CPU.Build.0 = Debug|x64
		{2A028F17-942C-418B-8FCF-AF3168D162A5}.Debug|x64.ActiveCfg = Debug|x64
		{2A028F17-942C-418B-8FCF-AF3168D162A5}.Debug|x64.Build.0 = Debug|x64
		{2A028F17-942C-418B-8FCF-AF3168D162A5}.Debug|x86.ActiveCfg = Debug|Win32
		{2A028F17-942C-418B-8FCF-AF3168D162A5}.Debug|x86.Build.0 = Debug|Win32
		{2A028F17-942C-418B-8FCF-AF3168D162A5}.Release|Any CPU.ActiveCfg = Release|x64
		{2A028F17-942C-418B-8FCF-AF3168D162A5}.Release|Any CPU.Build.0 = Release|x64
		{2A028F17-942C-418B-8FCF-AF3168D162A5}.Release|x64.ActiveCfg = Release|x64
		{2A028F17-942C-418B-8FCF-AF3168D162A5}.Release|x64.Build.0 = Release|x64
		{2A028F17-942C-418B-8FCF-AF3168D162A5}.Release|x86.ActiveCfg = Release|Win32
		{2A028F17-942C-418B-8FCF-AF3168D162A5}.Release|x86.Build.0 = Release|Win32
		{035920D0-D7F8-4273-ACB6-11FA3CABFA5C}.Debug|Any CPU.ActiveCfg = Debug|x64
		{035920D0-D7F8-4273-ACB6-11FA3CABFA5C}.Debug|Any CPU.Build.0 = Debug|x64
		{035920D0-D7F8-4273-ACB6-11FA3CABFA5C}.Debug|x64.ActiveCfg = Debug|x64
		{035920D0-D7F8-4273-ACB6-11FA3CABFA5C}.Debug|x64.Build.0 = Debug|x64
		{035920D0-D7F8-4273-ACB6-11FA3CABFA5C}.Debug|x86.ActiveCfg = Debug|Win32
		{035920D0-D7F8-4273-ACB6-11FA3CABFA5C}.Debug|x86.Build.0 = Debug|Win32
		{035920D0-D7F8-4273-ACB6-11FA3CABFA5C}.Release|Any CPU.ActiveCfg = Release|x64
		{035920D0-D7F8-4273-ACB6-11FA3CABFA5C}.Release|Any CPU.Build.0 = Release|x64
		{035920D0-D7F8-4273-ACB6-11FA3CABFA5C}.Release|x64.ActiveCfg = Release|x64
		{035920D0-D7F8-4273-ACB6-11FA3CABFA5C}.Release|x64.Build.0 = Release|x64
		{035920D0-D7F8-4273-ACB6-11FA3CABFA5C}.Release|x86.ActiveCfg = Release|Win32
		{035920D0-D7F8-4273-ACB6-11FA3CABFA5C}.Release|x86.Build.0 = Release|Win32
		{AF6BF4C3-1779-47E3-AEFB-D02CB9EC128C}.Debug|Any CPU.ActiveCfg = Debug|x64
		{AF6BF4C3-1779-47E3-AEFB-D02CB9EC128C}.Debug|Any CPU.Build.0 = Debug|x64
		{AF6BF4C3-1779-47E3-AEFB-D02CB9EC128C}.Debug|x64.ActiveCfg = Debug|x64
		{AF6BF4C3-1779-47E3-AEFB-D02CB9EC128C}.Debug|x64.Build.0 = Debug|x64
		{AF6BF4C3-1779-47E3-AEFB-D02CB9EC128C}.Debug|x86.ActiveCfg = Debug|Win32
		{AF6BF4C3-1779-47E3-AEFB-D02CB9EC128C}.Debug|x86.Build.0 = Debug|Win32
		{AF6BF4C3-1779-47E3-AEFB-D02CB9EC128C}.Release|Any CPU.ActiveCfg = Release|x64
		{AF6BF4C3-1779-47E3-AEFB-D02CB9EC128C}.Release|Any CPU.Build.0 = Release|x64
		{AF6BF4C3-1779-47E3-AEFB-D02CB9EC128C}.Release|x64.ActiveCfg = Release|x64
		{AF6BF4C3-1779-47E3-AEFB-D02CB9EC128C}.Release|x64.Build.0 = Release|x64
		{AF6BF4C3-1779-47E3-AEFB-D02CB9EC128C}.Release|x86.ActiveCfg = Release|Win32
		{AF6BF4C3-1779-47E3-AEFB-D02CB9EC128C}.Release|x86.Build.0 = Release|Win32
		{628CD6EA-2B8C-4F88-ADD4-0ED228CEDF6C}.Debug|Any CPU.ActiveCfg = Debug|x64
		{628CD6EA-2B8C-4F88-ADD4-0ED228CEDF6C}.Debug|Any CPU.Build.0 = Debug|x64
		{628CD6EA-2B8C-4F88-ADD4-0ED228CEDF6C}.Debug|x64.ActiveCfg = Debug|x64
		{628CD6EA-2B8C-4F88-ADD4-0ED228CEDF6C}.Debug|x64.Build.0 = Debug|x64
		{628CD6EA-2B8C-4F88-ADD4-0ED228CEDF6C}.Debug|x86.ActiveCfg = Debug|Win32
		{628CD6EA-2B8C-4F88-ADD4-0ED228CEDF6C}.Debug|x86.Build.0 = Debug|Win32
		{628CD6EA-2B8C-4F88-ADD4-0ED228CEDF6C}.Release|Any CPU.ActiveCfg = Release|x64
		{628CD6EA-2B8C-4F88-ADD4-0ED228CEDF6C}.Release|Any CPU.Build.0 = Release|x64
		{628CD6EA-2B8C-4F88-ADD4-0ED228CEDF6C}.Release|x64.ActiveCfg = Release|x64
		{628CD6EA-2B8C-4F88-ADD4-0ED228CEDF6C}.Release|x64.Build.0 = Release|x64
		{628CD6EA-2B8C-4F88-ADD4-0ED228CEDF6C}.Release|x86.ActiveCfg = Release|Win32
		{628CD6EA-2B8C-4F88-ADD4-0ED228CEDF6C}.Release|x86.Build.0 = Release|Win32
	EndGlobalSection
	GlobalSection(SolutionProperties) = preSolution
		HideSolutionNode = FALSE
	EndGlobalSection
	GlobalSection(ExtensibilityGlobals) = postSolution
		SolutionGuid = {B077D69F-B859-437B-BB17-8F773DD5D3DA}
	EndGlobalSection
EndGlobal
